// !$*UTF8*$!
{
	archiveVersion = 1;
	classes = {
	};
	objectVersion = 55;
	objects = {

/* Begin PBXBuildFile section */
		E0955CFD286DCA9E007CE233 /* MenuSegmentedControl.swift in Sources */ = {isa = PBXBuildFile; fileRef = E0955CFC286DCA9E007CE233 /* MenuSegmentedControl.swift */; };
		E0955CFF286DDA6F007CE233 /* WeaponCollectionViewCell.swift in Sources */ = {isa = PBXBuildFile; fileRef = E0955CFE286DDA6F007CE233 /* WeaponCollectionViewCell.swift */; };
		E0955D01286DDC89007CE233 /* WeaponModel.swift in Sources */ = {isa = PBXBuildFile; fileRef = E0955D00286DDC89007CE233 /* WeaponModel.swift */; };
		E0CDAA6D286CAFA9002817C1 /* AppDelegate.swift in Sources */ = {isa = PBXBuildFile; fileRef = E0CDAA6C286CAFA9002817C1 /* AppDelegate.swift */; };
		E0CDAA6F286CAFA9002817C1 /* SceneDelegate.swift in Sources */ = {isa = PBXBuildFile; fileRef = E0CDAA6E286CAFA9002817C1 /* SceneDelegate.swift */; };
		E0CDAA71286CAFA9002817C1 /* ViewController.swift in Sources */ = {isa = PBXBuildFile; fileRef = E0CDAA70286CAFA9002817C1 /* ViewController.swift */; };
		E0CDAA74286CAFA9002817C1 /* Main.storyboard in Resources */ = {isa = PBXBuildFile; fileRef = E0CDAA72286CAFA9002817C1 /* Main.storyboard */; };
		E0CDAA76286CAFAC002817C1 /* Assets.xcassets in Resources */ = {isa = PBXBuildFile; fileRef = E0CDAA75286CAFAC002817C1 /* Assets.xcassets */; };
		E0CDAA79286CAFAC002817C1 /* LaunchScreen.storyboard in Resources */ = {isa = PBXBuildFile; fileRef = E0CDAA77286CAFAC002817C1 /* LaunchScreen.storyboard */; };
		E0CDAA84286CAFAD002817C1 /* ValorantTests.swift in Sources */ = {isa = PBXBuildFile; fileRef = E0CDAA83286CAFAD002817C1 /* ValorantTests.swift */; };
		E0CDAA8E286CAFAD002817C1 /* ValorantUITests.swift in Sources */ = {isa = PBXBuildFile; fileRef = E0CDAA8D286CAFAD002817C1 /* ValorantUITests.swift */; };
		E0CDAA90286CAFAD002817C1 /* ValorantUITestsLaunchTests.swift in Sources */ = {isa = PBXBuildFile; fileRef = E0CDAA8F286CAFAD002817C1 /* ValorantUITestsLaunchTests.swift */; };
		E0CDAAA4286CB11E002817C1 /* UINavigationController+extension.swift in Sources */ = {isa = PBXBuildFile; fileRef = E0CDAAA3286CB11E002817C1 /* UINavigationController+extension.swift */; };
		E0CDAAA6286CB14E002817C1 /* UIViewController+extension.swift in Sources */ = {isa = PBXBuildFile; fileRef = E0CDAAA5286CB14E002817C1 /* UIViewController+extension.swift */; };
		E0CDAAA8286CB190002817C1 /* InteractorInterface.swift in Sources */ = {isa = PBXBuildFile; fileRef = E0CDAAA7286CB190002817C1 /* InteractorInterface.swift */; };
		E0CDAAAA286CB1A8002817C1 /* PresenterInterface.swift in Sources */ = {isa = PBXBuildFile; fileRef = E0CDAAA9286CB1A8002817C1 /* PresenterInterface.swift */; };
		E0CDAAAC286CB1C6002817C1 /* ViewInterface.swift in Sources */ = {isa = PBXBuildFile; fileRef = E0CDAAAB286CB1C6002817C1 /* ViewInterface.swift */; };
		E0CDAAAE286CB1E1002817C1 /* WireframeInterface.swift in Sources */ = {isa = PBXBuildFile; fileRef = E0CDAAAD286CB1E1002817C1 /* WireframeInterface.swift */; };
		E0CDAAB2286CB24A002817C1 /* HomeInteractor.swift in Sources */ = {isa = PBXBuildFile; fileRef = E0CDAAB1286CB24A002817C1 /* HomeInteractor.swift */; };
		E0CDAAB4286CB260002817C1 /* HomePresenter.swift in Sources */ = {isa = PBXBuildFile; fileRef = E0CDAAB3286CB260002817C1 /* HomePresenter.swift */; };
		E0CDAAB9286CB282002817C1 /* HomeWireframe.swift in Sources */ = {isa = PBXBuildFile; fileRef = E0CDAAB8286CB282002817C1 /* HomeWireframe.swift */; };
		E0CDAABC286CB387002817C1 /* HomeViewController.swift in Sources */ = {isa = PBXBuildFile; fileRef = E0CDAABB286CB387002817C1 /* HomeViewController.swift */; };
		E0CDAABF286CB720002817C1 /* AgentCollectionViewCell.swift in Sources */ = {isa = PBXBuildFile; fileRef = E0CDAABE286CB720002817C1 /* AgentCollectionViewCell.swift */; };
		E0CDAAC1286CBD2C002817C1 /* AgentsModel.swift in Sources */ = {isa = PBXBuildFile; fileRef = E0CDAAC0286CBD2C002817C1 /* AgentsModel.swift */; };
/* End PBXBuildFile section */

/* Begin PBXContainerItemProxy section */
		E0CDAA80286CAFAD002817C1 /* PBXContainerItemProxy */ = {
			isa = PBXContainerItemProxy;
			containerPortal = E0CDAA61286CAFA9002817C1 /* Project object */;
			proxyType = 1;
			remoteGlobalIDString = E0CDAA68286CAFA9002817C1;
			remoteInfo = Valorant;
		};
		E0CDAA8A286CAFAD002817C1 /* PBXContainerItemProxy */ = {
			isa = PBXContainerItemProxy;
			containerPortal = E0CDAA61286CAFA9002817C1 /* Project object */;
			proxyType = 1;
			remoteGlobalIDString = E0CDAA68286CAFA9002817C1;
			remoteInfo = Valorant;
		};
/* End PBXContainerItemProxy section */

/* Begin PBXFileReference section */
		E0955CFC286DCA9E007CE233 /* MenuSegmentedControl.swift */ = {isa = PBXFileReference; lastKnownFileType = sourcecode.swift; path = MenuSegmentedControl.swift; sourceTree = "<group>"; };
		E0955CFE286DDA6F007CE233 /* WeaponCollectionViewCell.swift */ = {isa = PBXFileReference; lastKnownFileType = sourcecode.swift; path = WeaponCollectionViewCell.swift; sourceTree = "<group>"; };
		E0955D00286DDC89007CE233 /* WeaponModel.swift */ = {isa = PBXFileReference; lastKnownFileType = sourcecode.swift; path = WeaponModel.swift; sourceTree = "<group>"; };
		E0CDAA69286CAFA9002817C1 /* Valorant.app */ = {isa = PBXFileReference; explicitFileType = wrapper.application; includeInIndex = 0; path = Valorant.app; sourceTree = BUILT_PRODUCTS_DIR; };
		E0CDAA6C286CAFA9002817C1 /* AppDelegate.swift */ = {isa = PBXFileReference; lastKnownFileType = sourcecode.swift; path = AppDelegate.swift; sourceTree = "<group>"; };
		E0CDAA6E286CAFA9002817C1 /* SceneDelegate.swift */ = {isa = PBXFileReference; lastKnownFileType = sourcecode.swift; path = SceneDelegate.swift; sourceTree = "<group>"; };
		E0CDAA70286CAFA9002817C1 /* ViewController.swift */ = {isa = PBXFileReference; lastKnownFileType = sourcecode.swift; path = ViewController.swift; sourceTree = "<group>"; };
		E0CDAA73286CAFA9002817C1 /* Base */ = {isa = PBXFileReference; lastKnownFileType = file.storyboard; name = Base; path = Base.lproj/Main.storyboard; sourceTree = "<group>"; };
		E0CDAA75286CAFAC002817C1 /* Assets.xcassets */ = {isa = PBXFileReference; lastKnownFileType = folder.assetcatalog; path = Assets.xcassets; sourceTree = "<group>"; };
		E0CDAA78286CAFAC002817C1 /* Base */ = {isa = PBXFileReference; lastKnownFileType = file.storyboard; name = Base; path = Base.lproj/LaunchScreen.storyboard; sourceTree = "<group>"; };
		E0CDAA7A286CAFAC002817C1 /* Info.plist */ = {isa = PBXFileReference; lastKnownFileType = text.plist.xml; path = Info.plist; sourceTree = "<group>"; };
		E0CDAA7F286CAFAD002817C1 /* ValorantTests.xctest */ = {isa = PBXFileReference; explicitFileType = wrapper.cfbundle; includeInIndex = 0; path = ValorantTests.xctest; sourceTree = BUILT_PRODUCTS_DIR; };
		E0CDAA83286CAFAD002817C1 /* ValorantTests.swift */ = {isa = PBXFileReference; lastKnownFileType = sourcecode.swift; path = ValorantTests.swift; sourceTree = "<group>"; };
		E0CDAA89286CAFAD002817C1 /* ValorantUITests.xctest */ = {isa = PBXFileReference; explicitFileType = wrapper.cfbundle; includeInIndex = 0; path = ValorantUITests.xctest; sourceTree = BUILT_PRODUCTS_DIR; };
		E0CDAA8D286CAFAD002817C1 /* ValorantUITests.swift */ = {isa = PBXFileReference; lastKnownFileType = sourcecode.swift; path = ValorantUITests.swift; sourceTree = "<group>"; };
		E0CDAA8F286CAFAD002817C1 /* ValorantUITestsLaunchTests.swift */ = {isa = PBXFileReference; lastKnownFileType = sourcecode.swift; path = ValorantUITestsLaunchTests.swift; sourceTree = "<group>"; };
		E0CDAAA3286CB11E002817C1 /* UINavigationController+extension.swift */ = {isa = PBXFileReference; lastKnownFileType = sourcecode.swift; path = "UINavigationController+extension.swift"; sourceTree = "<group>"; };
		E0CDAAA5286CB14E002817C1 /* UIViewController+extension.swift */ = {isa = PBXFileReference; lastKnownFileType = sourcecode.swift; path = "UIViewController+extension.swift"; sourceTree = "<group>"; };
		E0CDAAA7286CB190002817C1 /* InteractorInterface.swift */ = {isa = PBXFileReference; lastKnownFileType = sourcecode.swift; path = InteractorInterface.swift; sourceTree = "<group>"; };
		E0CDAAA9286CB1A8002817C1 /* PresenterInterface.swift */ = {isa = PBXFileReference; lastKnownFileType = sourcecode.swift; path = PresenterInterface.swift; sourceTree = "<group>"; };
		E0CDAAAB286CB1C6002817C1 /* ViewInterface.swift */ = {isa = PBXFileReference; lastKnownFileType = sourcecode.swift; path = ViewInterface.swift; sourceTree = "<group>"; };
		E0CDAAAD286CB1E1002817C1 /* WireframeInterface.swift */ = {isa = PBXFileReference; lastKnownFileType = sourcecode.swift; path = WireframeInterface.swift; sourceTree = "<group>"; };
		E0CDAAB1286CB24A002817C1 /* HomeInteractor.swift */ = {isa = PBXFileReference; lastKnownFileType = sourcecode.swift; path = HomeInteractor.swift; sourceTree = "<group>"; };
		E0CDAAB3286CB260002817C1 /* HomePresenter.swift */ = {isa = PBXFileReference; lastKnownFileType = sourcecode.swift; path = HomePresenter.swift; sourceTree = "<group>"; };
		E0CDAAB8286CB282002817C1 /* HomeWireframe.swift */ = {isa = PBXFileReference; lastKnownFileType = sourcecode.swift; path = HomeWireframe.swift; sourceTree = "<group>"; };
		E0CDAABB286CB387002817C1 /* HomeViewController.swift */ = {isa = PBXFileReference; lastKnownFileType = sourcecode.swift; path = HomeViewController.swift; sourceTree = "<group>"; };
		E0CDAABE286CB720002817C1 /* AgentCollectionViewCell.swift */ = {isa = PBXFileReference; lastKnownFileType = sourcecode.swift; path = AgentCollectionViewCell.swift; sourceTree = "<group>"; };
		E0CDAAC0286CBD2C002817C1 /* AgentsModel.swift */ = {isa = PBXFileReference; lastKnownFileType = sourcecode.swift; path = AgentsModel.swift; sourceTree = "<group>"; };
/* End PBXFileReference section */

/* Begin PBXFrameworksBuildPhase section */
		E0CDAA66286CAFA9002817C1 /* Frameworks */ = {
			isa = PBXFrameworksBuildPhase;
			buildActionMask = 2147483647;
			files = (
			);
			runOnlyForDeploymentPostprocessing = 0;
		};
		E0CDAA7C286CAFAD002817C1 /* Frameworks */ = {
			isa = PBXFrameworksBuildPhase;
			buildActionMask = 2147483647;
			files = (
			);
			runOnlyForDeploymentPostprocessing = 0;
		};
		E0CDAA86286CAFAD002817C1 /* Frameworks */ = {
			isa = PBXFrameworksBuildPhase;
			buildActionMask = 2147483647;
			files = (
			);
			runOnlyForDeploymentPostprocessing = 0;
		};
/* End PBXFrameworksBuildPhase section */

/* Begin PBXGroup section */
		E0CDAA60286CAFA9002817C1 = {
			isa = PBXGroup;
			children = (
				E0CDAA6B286CAFA9002817C1 /* Valorant */,
				E0CDAA82286CAFAD002817C1 /* ValorantTests */,
				E0CDAA8C286CAFAD002817C1 /* ValorantUITests */,
				E0CDAA6A286CAFA9002817C1 /* Products */,
			);
			sourceTree = "<group>";
		};
		E0CDAA6A286CAFA9002817C1 /* Products */ = {
			isa = PBXGroup;
			children = (
				E0CDAA69286CAFA9002817C1 /* Valorant.app */,
				E0CDAA7F286CAFAD002817C1 /* ValorantTests.xctest */,
				E0CDAA89286CAFAD002817C1 /* ValorantUITests.xctest */,
			);
			name = Products;
			sourceTree = "<group>";
		};
		E0CDAA6B286CAFA9002817C1 /* Valorant */ = {
			isa = PBXGroup;
			children = (
				E0CDAABA286CB2C5002817C1 /* Entity */,
				E0CDAA9F286CB0DE002817C1 /* Common */,
				E0CDAA9C286CB0A6002817C1 /* Presentation */,
				E0CDAA6C286CAFA9002817C1 /* AppDelegate.swift */,
				E0CDAA6E286CAFA9002817C1 /* SceneDelegate.swift */,
				E0CDAA70286CAFA9002817C1 /* ViewController.swift */,
				E0CDAA72286CAFA9002817C1 /* Main.storyboard */,
				E0CDAA75286CAFAC002817C1 /* Assets.xcassets */,
				E0CDAA77286CAFAC002817C1 /* LaunchScreen.storyboard */,
				E0CDAA7A286CAFAC002817C1 /* Info.plist */,
			);
			path = Valorant;
			sourceTree = "<group>";
		};
		E0CDAA82286CAFAD002817C1 /* ValorantTests */ = {
			isa = PBXGroup;
			children = (
				E0CDAA83286CAFAD002817C1 /* ValorantTests.swift */,
			);
			path = ValorantTests;
			sourceTree = "<group>";
		};
		E0CDAA8C286CAFAD002817C1 /* ValorantUITests */ = {
			isa = PBXGroup;
			children = (
				E0CDAA8D286CAFAD002817C1 /* ValorantUITests.swift */,
				E0CDAA8F286CAFAD002817C1 /* ValorantUITestsLaunchTests.swift */,
			);
			path = ValorantUITests;
			sourceTree = "<group>";
		};
		E0CDAA9C286CB0A6002817C1 /* Presentation */ = {
			isa = PBXGroup;
			children = (
				E0CDAAAF286CB22D002817C1 /* Home */,
			);
			path = Presentation;
			sourceTree = "<group>";
		};
		E0CDAA9F286CB0DE002817C1 /* Common */ = {
			isa = PBXGroup;
			children = (
				E0CDAAA0286CB0E8002817C1 /* Extensions */,
				E0CDAAA1286CB0F9002817C1 /* Interface */,
				E0955CFC286DCA9E007CE233 /* MenuSegmentedControl.swift */,
			);
			path = Common;
			sourceTree = "<group>";
		};
		E0CDAAA0286CB0E8002817C1 /* Extensions */ = {
			isa = PBXGroup;
			children = (
				E0CDAAA3286CB11E002817C1 /* UINavigationController+extension.swift */,
				E0CDAAA5286CB14E002817C1 /* UIViewController+extension.swift */,
			);
			path = Extensions;
			sourceTree = "<group>";
		};
		E0CDAAA1286CB0F9002817C1 /* Interface */ = {
			isa = PBXGroup;
			children = (
				E0CDAAA7286CB190002817C1 /* InteractorInterface.swift */,
				E0CDAAA9286CB1A8002817C1 /* PresenterInterface.swift */,
				E0CDAAAB286CB1C6002817C1 /* ViewInterface.swift */,
				E0CDAAAD286CB1E1002817C1 /* WireframeInterface.swift */,
			);
			path = Interface;
			sourceTree = "<group>";
		};
		E0CDAAAF286CB22D002817C1 /* Home */ = {
			isa = PBXGroup;
			children = (
				E0CDAAB0286CB233002817C1 /* View */,
				E0CDAAB1286CB24A002817C1 /* HomeInteractor.swift */,
				E0CDAAB3286CB260002817C1 /* HomePresenter.swift */,
				E0CDAAB8286CB282002817C1 /* HomeWireframe.swift */,
			);
			path = Home;
			sourceTree = "<group>";
		};
		E0CDAAB0286CB233002817C1 /* View */ = {
			isa = PBXGroup;
			children = (
				E0CDAABD286CB68D002817C1 /* Cell */,
				E0CDAABB286CB387002817C1 /* HomeViewController.swift */,
			);
			path = View;
			sourceTree = "<group>";
		};
		E0CDAABA286CB2C5002817C1 /* Entity */ = {
			isa = PBXGroup;
			children = (
				E0CDAAC0286CBD2C002817C1 /* AgentsModel.swift */,
				E0955D00286DDC89007CE233 /* WeaponModel.swift */,
			);
			path = Entity;
			sourceTree = "<group>";
		};
		E0CDAABD286CB68D002817C1 /* Cell */ = {
			isa = PBXGroup;
			children = (
				E0CDAABE286CB720002817C1 /* AgentCollectionViewCell.swift */,
				E0955CFE286DDA6F007CE233 /* WeaponCollectionViewCell.swift */,
			);
			path = Cell;
			sourceTree = "<group>";
		};
/* End PBXGroup section */

/* Begin PBXNativeTarget section */
		E0CDAA68286CAFA9002817C1 /* Valorant */ = {
			isa = PBXNativeTarget;
			buildConfigurationList = E0CDAA93286CAFAD002817C1 /* Build configuration list for PBXNativeTarget "Valorant" */;
			buildPhases = (
				E0CDAA65286CAFA9002817C1 /* Sources */,
				E0CDAA66286CAFA9002817C1 /* Frameworks */,
				E0CDAA67286CAFA9002817C1 /* Resources */,
			);
			buildRules = (
			);
			dependencies = (
			);
			name = Valorant;
			productName = Valorant;
			productReference = E0CDAA69286CAFA9002817C1 /* Valorant.app */;
			productType = "com.apple.product-type.application";
		};
		E0CDAA7E286CAFAD002817C1 /* ValorantTests */ = {
			isa = PBXNativeTarget;
			buildConfigurationList = E0CDAA96286CAFAD002817C1 /* Build configuration list for PBXNativeTarget "ValorantTests" */;
			buildPhases = (
				E0CDAA7B286CAFAD002817C1 /* Sources */,
				E0CDAA7C286CAFAD002817C1 /* Frameworks */,
				E0CDAA7D286CAFAD002817C1 /* Resources */,
			);
			buildRules = (
			);
			dependencies = (
				E0CDAA81286CAFAD002817C1 /* PBXTargetDependency */,
			);
			name = ValorantTests;
			productName = ValorantTests;
			productReference = E0CDAA7F286CAFAD002817C1 /* ValorantTests.xctest */;
			productType = "com.apple.product-type.bundle.unit-test";
		};
		E0CDAA88286CAFAD002817C1 /* ValorantUITests */ = {
			isa = PBXNativeTarget;
			buildConfigurationList = E0CDAA99286CAFAD002817C1 /* Build configuration list for PBXNativeTarget "ValorantUITests" */;
			buildPhases = (
				E0CDAA85286CAFAD002817C1 /* Sources */,
				E0CDAA86286CAFAD002817C1 /* Frameworks */,
				E0CDAA87286CAFAD002817C1 /* Resources */,
			);
			buildRules = (
			);
			dependencies = (
				E0CDAA8B286CAFAD002817C1 /* PBXTargetDependency */,
			);
			name = ValorantUITests;
			productName = ValorantUITests;
			productReference = E0CDAA89286CAFAD002817C1 /* ValorantUITests.xctest */;
			productType = "com.apple.product-type.bundle.ui-testing";
		};
/* End PBXNativeTarget section */

/* Begin PBXProject section */
		E0CDAA61286CAFA9002817C1 /* Project object */ = {
			isa = PBXProject;
			attributes = {
				BuildIndependentTargetsInParallel = 1;
				LastSwiftUpdateCheck = 1310;
				LastUpgradeCheck = 1310;
				TargetAttributes = {
					E0CDAA68286CAFA9002817C1 = {
						CreatedOnToolsVersion = 13.1;
					};
					E0CDAA7E286CAFAD002817C1 = {
						CreatedOnToolsVersion = 13.1;
						TestTargetID = E0CDAA68286CAFA9002817C1;
					};
					E0CDAA88286CAFAD002817C1 = {
						CreatedOnToolsVersion = 13.1;
						TestTargetID = E0CDAA68286CAFA9002817C1;
					};
				};
			};
			buildConfigurationList = E0CDAA64286CAFA9002817C1 /* Build configuration list for PBXProject "Valorant" */;
			compatibilityVersion = "Xcode 13.0";
			developmentRegion = en;
			hasScannedForEncodings = 0;
			knownRegions = (
				en,
				Base,
			);
			mainGroup = E0CDAA60286CAFA9002817C1;
			productRefGroup = E0CDAA6A286CAFA9002817C1 /* Products */;
			projectDirPath = "";
			projectRoot = "";
			targets = (
				E0CDAA68286CAFA9002817C1 /* Valorant */,
				E0CDAA7E286CAFAD002817C1 /* ValorantTests */,
				E0CDAA88286CAFAD002817C1 /* ValorantUITests */,
			);
		};
/* End PBXProject section */

/* Begin PBXResourcesBuildPhase section */
		E0CDAA67286CAFA9002817C1 /* Resources */ = {
			isa = PBXResourcesBuildPhase;
			buildActionMask = 2147483647;
			files = (
				E0CDAA79286CAFAC002817C1 /* LaunchScreen.storyboard in Resources */,
				E0CDAA76286CAFAC002817C1 /* Assets.xcassets in Resources */,
				E0CDAA74286CAFA9002817C1 /* Main.storyboard in Resources */,
			);
			runOnlyForDeploymentPostprocessing = 0;
		};
		E0CDAA7D286CAFAD002817C1 /* Resources */ = {
			isa = PBXResourcesBuildPhase;
			buildActionMask = 2147483647;
			files = (
			);
			runOnlyForDeploymentPostprocessing = 0;
		};
		E0CDAA87286CAFAD002817C1 /* Resources */ = {
			isa = PBXResourcesBuildPhase;
			buildActionMask = 2147483647;
			files = (
			);
			runOnlyForDeploymentPostprocessing = 0;
		};
/* End PBXResourcesBuildPhase section */

/* Begin PBXSourcesBuildPhase section */
		E0CDAA65286CAFA9002817C1 /* Sources */ = {
			isa = PBXSourcesBuildPhase;
			buildActionMask = 2147483647;
			files = (
				E0CDAAA8286CB190002817C1 /* InteractorInterface.swift in Sources */,
				E0955CFF286DDA6F007CE233 /* WeaponCollectionViewCell.swift in Sources */,
				E0CDAA71286CAFA9002817C1 /* ViewController.swift in Sources */,
				E0CDAAAC286CB1C6002817C1 /* ViewInterface.swift in Sources */,
				E0CDAAB2286CB24A002817C1 /* HomeInteractor.swift in Sources */,
				E0CDAAAE286CB1E1002817C1 /* WireframeInterface.swift in Sources */,
				E0CDAAB9286CB282002817C1 /* HomeWireframe.swift in Sources */,
				E0CDAAA4286CB11E002817C1 /* UINavigationController+extension.swift in Sources */,
				E0955CFD286DCA9E007CE233 /* MenuSegmentedControl.swift in Sources */,
				E0CDAABF286CB720002817C1 /* AgentCollectionViewCell.swift in Sources */,
				E0CDAAC1286CBD2C002817C1 /* AgentsModel.swift in Sources */,
				E0CDAAA6286CB14E002817C1 /* UIViewController+extension.swift in Sources */,
				E0CDAA6D286CAFA9002817C1 /* AppDelegate.swift in Sources */,
				E0955D01286DDC89007CE233 /* WeaponModel.swift in Sources */,
				E0CDAA6F286CAFA9002817C1 /* SceneDelegate.swift in Sources */,
				E0CDAAAA286CB1A8002817C1 /* PresenterInterface.swift in Sources */,
				E0CDAABC286CB387002817C1 /* HomeViewController.swift in Sources */,
				E0CDAAB4286CB260002817C1 /* HomePresenter.swift in Sources */,
			);
			runOnlyForDeploymentPostprocessing = 0;
		};
		E0CDAA7B286CAFAD002817C1 /* Sources */ = {
			isa = PBXSourcesBuildPhase;
			buildActionMask = 2147483647;
			files = (
				E0CDAA84286CAFAD002817C1 /* ValorantTests.swift in Sources */,
			);
			runOnlyForDeploymentPostprocessing = 0;
		};
		E0CDAA85286CAFAD002817C1 /* Sources */ = {
			isa = PBXSourcesBuildPhase;
			buildActionMask = 2147483647;
			files = (
				E0CDAA90286CAFAD002817C1 /* ValorantUITestsLaunchTests.swift in Sources */,
				E0CDAA8E286CAFAD002817C1 /* ValorantUITests.swift in Sources */,
			);
			runOnlyForDeploymentPostprocessing = 0;
		};
/* End PBXSourcesBuildPhase section */

/* Begin PBXTargetDependency section */
		E0CDAA81286CAFAD002817C1 /* PBXTargetDependency */ = {
			isa = PBXTargetDependency;
			target = E0CDAA68286CAFA9002817C1 /* Valorant */;
			targetProxy = E0CDAA80286CAFAD002817C1 /* PBXContainerItemProxy */;
		};
		E0CDAA8B286CAFAD002817C1 /* PBXTargetDependency */ = {
			isa = PBXTargetDependency;
			target = E0CDAA68286CAFA9002817C1 /* Valorant */;
			targetProxy = E0CDAA8A286CAFAD002817C1 /* PBXContainerItemProxy */;
		};
/* End PBXTargetDependency section */

/* Begin PBXVariantGroup section */
		E0CDAA72286CAFA9002817C1 /* Main.storyboard */ = {
			isa = PBXVariantGroup;
			children = (
				E0CDAA73286CAFA9002817C1 /* Base */,
			);
			name = Main.storyboard;
			sourceTree = "<group>";
		};
		E0CDAA77286CAFAC002817C1 /* LaunchScreen.storyboard */ = {
			isa = PBXVariantGroup;
			children = (
				E0CDAA78286CAFAC002817C1 /* Base */,
			);
			name = LaunchScreen.storyboard;
			sourceTree = "<group>";
		};
/* End PBXVariantGroup section */

/* Begin XCBuildConfiguration section */
		E0CDAA91286CAFAD002817C1 /* Debug */ = {
			isa = XCBuildConfiguration;
			buildSettings = {
				ALWAYS_SEARCH_USER_PATHS = NO;
				CLANG_ANALYZER_NONNULL = YES;
				CLANG_ANALYZER_NUMBER_OBJECT_CONVERSION = YES_AGGRESSIVE;
				CLANG_CXX_LANGUAGE_STANDARD = "gnu++17";
				CLANG_CXX_LIBRARY = "libc++";
				CLANG_ENABLE_MODULES = YES;
				CLANG_ENABLE_OBJC_ARC = YES;
				CLANG_ENABLE_OBJC_WEAK = YES;
				CLANG_WARN_BLOCK_CAPTURE_AUTORELEASING = YES;
				CLANG_WARN_BOOL_CONVERSION = YES;
				CLANG_WARN_COMMA = YES;
				CLANG_WARN_CONSTANT_CONVERSION = YES;
				CLANG_WARN_DEPRECATED_OBJC_IMPLEMENTATIONS = YES;
				CLANG_WARN_DIRECT_OBJC_ISA_USAGE = YES_ERROR;
				CLANG_WARN_DOCUMENTATION_COMMENTS = YES;
				CLANG_WARN_EMPTY_BODY = YES;
				CLANG_WARN_ENUM_CONVERSION = YES;
				CLANG_WARN_INFINITE_RECURSION = YES;
				CLANG_WARN_INT_CONVERSION = YES;
				CLANG_WARN_NON_LITERAL_NULL_CONVERSION = YES;
				CLANG_WARN_OBJC_IMPLICIT_RETAIN_SELF = YES;
				CLANG_WARN_OBJC_LITERAL_CONVERSION = YES;
				CLANG_WARN_OBJC_ROOT_CLASS = YES_ERROR;
				CLANG_WARN_QUOTED_INCLUDE_IN_FRAMEWORK_HEADER = YES;
				CLANG_WARN_RANGE_LOOP_ANALYSIS = YES;
				CLANG_WARN_STRICT_PROTOTYPES = YES;
				CLANG_WARN_SUSPICIOUS_MOVE = YES;
				CLANG_WARN_UNGUARDED_AVAILABILITY = YES_AGGRESSIVE;
				CLANG_WARN_UNREACHABLE_CODE = YES;
				CLANG_WARN__DUPLICATE_METHOD_MATCH = YES;
				COPY_PHASE_STRIP = NO;
				DEBUG_INFORMATION_FORMAT = dwarf;
				ENABLE_STRICT_OBJC_MSGSEND = YES;
				ENABLE_TESTABILITY = YES;
				GCC_C_LANGUAGE_STANDARD = gnu11;
				GCC_DYNAMIC_NO_PIC = NO;
				GCC_NO_COMMON_BLOCKS = YES;
				GCC_OPTIMIZATION_LEVEL = 0;
				GCC_PREPROCESSOR_DEFINITIONS = (
					"DEBUG=1",
					"$(inherited)",
				);
				GCC_WARN_64_TO_32_BIT_CONVERSION = YES;
				GCC_WARN_ABOUT_RETURN_TYPE = YES_ERROR;
				GCC_WARN_UNDECLARED_SELECTOR = YES;
				GCC_WARN_UNINITIALIZED_AUTOS = YES_AGGRESSIVE;
				GCC_WARN_UNUSED_FUNCTION = YES;
				GCC_WARN_UNUSED_VARIABLE = YES;
				IPHONEOS_DEPLOYMENT_TARGET = 15.0;
				MTL_ENABLE_DEBUG_INFO = INCLUDE_SOURCE;
				MTL_FAST_MATH = YES;
				ONLY_ACTIVE_ARCH = YES;
				SDKROOT = iphoneos;
				SWIFT_ACTIVE_COMPILATION_CONDITIONS = DEBUG;
				SWIFT_OPTIMIZATION_LEVEL = "-Onone";
			};
			name = Debug;
		};
		E0CDAA92286CAFAD002817C1 /* Release */ = {
			isa = XCBuildConfiguration;
			buildSettings = {
				ALWAYS_SEARCH_USER_PATHS = NO;
				CLANG_ANALYZER_NONNULL = YES;
				CLANG_ANALYZER_NUMBER_OBJECT_CONVERSION = YES_AGGRESSIVE;
				CLANG_CXX_LANGUAGE_STANDARD = "gnu++17";
				CLANG_CXX_LIBRARY = "libc++";
				CLANG_ENABLE_MODULES = YES;
				CLANG_ENABLE_OBJC_ARC = YES;
				CLANG_ENABLE_OBJC_WEAK = YES;
				CLANG_WARN_BLOCK_CAPTURE_AUTORELEASING = YES;
				CLANG_WARN_BOOL_CONVERSION = YES;
				CLANG_WARN_COMMA = YES;
				CLANG_WARN_CONSTANT_CONVERSION = YES;
				CLANG_WARN_DEPRECATED_OBJC_IMPLEMENTATIONS = YES;
				CLANG_WARN_DIRECT_OBJC_ISA_USAGE = YES_ERROR;
				CLANG_WARN_DOCUMENTATION_COMMENTS = YES;
				CLANG_WARN_EMPTY_BODY = YES;
				CLANG_WARN_ENUM_CONVERSION = YES;
				CLANG_WARN_INFINITE_RECURSION = YES;
				CLANG_WARN_INT_CONVERSION = YES;
				CLANG_WARN_NON_LITERAL_NULL_CONVERSION = YES;
				CLANG_WARN_OBJC_IMPLICIT_RETAIN_SELF = YES;
				CLANG_WARN_OBJC_LITERAL_CONVERSION = YES;
				CLANG_WARN_OBJC_ROOT_CLASS = YES_ERROR;
				CLANG_WARN_QUOTED_INCLUDE_IN_FRAMEWORK_HEADER = YES;
				CLANG_WARN_RANGE_LOOP_ANALYSIS = YES;
				CLANG_WARN_STRICT_PROTOTYPES = YES;
				CLANG_WARN_SUSPICIOUS_MOVE = YES;
				CLANG_WARN_UNGUARDED_AVAILABILITY = YES_AGGRESSIVE;
				CLANG_WARN_UNREACHABLE_CODE = YES;
				CLANG_WARN__DUPLICATE_METHOD_MATCH = YES;
				COPY_PHASE_STRIP = NO;
				DEBUG_INFORMATION_FORMAT = "dwarf-with-dsym";
				ENABLE_NS_ASSERTIONS = NO;
				ENABLE_STRICT_OBJC_MSGSEND = YES;
				GCC_C_LANGUAGE_STANDARD = gnu11;
				GCC_NO_COMMON_BLOCKS = YES;
				GCC_WARN_64_TO_32_BIT_CONVERSION = YES;
				GCC_WARN_ABOUT_RETURN_TYPE = YES_ERROR;
				GCC_WARN_UNDECLARED_SELECTOR = YES;
				GCC_WARN_UNINITIALIZED_AUTOS = YES_AGGRESSIVE;
				GCC_WARN_UNUSED_FUNCTION = YES;
				GCC_WARN_UNUSED_VARIABLE = YES;
				IPHONEOS_DEPLOYMENT_TARGET = 15.0;
				MTL_ENABLE_DEBUG_INFO = NO;
				MTL_FAST_MATH = YES;
				SDKROOT = iphoneos;
				SWIFT_COMPILATION_MODE = wholemodule;
				SWIFT_OPTIMIZATION_LEVEL = "-O";
				VALIDATE_PRODUCT = YES;
			};
			name = Release;
		};
		E0CDAA94286CAFAD002817C1 /* Debug */ = {
			isa = XCBuildConfiguration;
			buildSettings = {
				ASSETCATALOG_COMPILER_APPICON_NAME = AppIcon;
				ASSETCATALOG_COMPILER_GLOBAL_ACCENT_COLOR_NAME = AccentColor;
				CODE_SIGN_STYLE = Automatic;
				CURRENT_PROJECT_VERSION = 1;
				DEVELOPMENT_TEAM = MZK2Y22TFS;
				GENERATE_INFOPLIST_FILE = YES;
				INFOPLIST_FILE = Valorant/Info.plist;
				INFOPLIST_KEY_UIApplicationSupportsIndirectInputEvents = YES;
				INFOPLIST_KEY_UILaunchStoryboardName = LaunchScreen;
				INFOPLIST_KEY_UIMainStoryboardFile = Main;
				INFOPLIST_KEY_UISupportedInterfaceOrientations = UIInterfaceOrientationPortrait;
				INFOPLIST_KEY_UISupportedInterfaceOrientations_iPad = "UIInterfaceOrientationPortrait UIInterfaceOrientationPortraitUpsideDown UIInterfaceOrientationLandscapeLeft UIInterfaceOrientationLandscapeRight";
				INFOPLIST_KEY_UISupportedInterfaceOrientations_iPhone = "UIInterfaceOrientationPortrait UIInterfaceOrientationLandscapeLeft UIInterfaceOrientationLandscapeRight";
				LD_RUNPATH_SEARCH_PATHS = (
					"$(inherited)",
					"@executable_path/Frameworks",
				);
				MARKETING_VERSION = 1.0;
				PRODUCT_BUNDLE_IDENTIFIER = com.james.Valorant;
				PRODUCT_NAME = "$(TARGET_NAME)";
				SWIFT_EMIT_LOC_STRINGS = YES;
				SWIFT_VERSION = 5.0;
				TARGETED_DEVICE_FAMILY = 1;
			};
			name = Debug;
		};
		E0CDAA95286CAFAD002817C1 /* Release */ = {
			isa = XCBuildConfiguration;
			buildSettings = {
				ASSETCATALOG_COMPILER_APPICON_NAME = AppIcon;
				ASSETCATALOG_COMPILER_GLOBAL_ACCENT_COLOR_NAME = AccentColor;
				CODE_SIGN_STYLE = Automatic;
				CURRENT_PROJECT_VERSION = 1;
				DEVELOPMENT_TEAM = MZK2Y22TFS;
				GENERATE_INFOPLIST_FILE = YES;
				INFOPLIST_FILE = Valorant/Info.plist;
				INFOPLIST_KEY_UIApplicationSupportsIndirectInputEvents = YES;
				INFOPLIST_KEY_UILaunchStoryboardName = LaunchScreen;
				INFOPLIST_KEY_UIMainStoryboardFile = Main;
				INFOPLIST_KEY_UISupportedInterfaceOrientations = UIInterfaceOrientationPortrait;
				INFOPLIST_KEY_UISupportedInterfaceOrientations_iPad = "UIInterfaceOrientationPortrait UIInterfaceOrientationPortraitUpsideDown UIInterfaceOrientationLandscapeLeft UIInterfaceOrientationLandscapeRight";
				INFOPLIST_KEY_UISupportedInterfaceOrientations_iPhone = "UIInterfaceOrientationPortrait UIInterfaceOrientationLandscapeLeft UIInterfaceOrientationLandscapeRight";
				LD_RUNPATH_SEARCH_PATHS = (
					"$(inherited)",
					"@executable_path/Frameworks",
				);
				MARKETING_VERSION = 1.0;
				PRODUCT_BUNDLE_IDENTIFIER = com.james.Valorant;
				PRODUCT_NAME = "$(TARGET_NAME)";
				SWIFT_EMIT_LOC_STRINGS = YES;
				SWIFT_VERSION = 5.0;
				TARGETED_DEVICE_FAMILY = 1;
			};
			name = Release;
		};
		E0CDAA97286CAFAD002817C1 /* Debug */ = {
			isa = XCBuildConfiguration;
			buildSettings = {
				ALWAYS_EMBED_SWIFT_STANDARD_LIBRARIES = YES;
				BUNDLE_LOADER = "$(TEST_HOST)";
				CODE_SIGN_STYLE = Automatic;
				CURRENT_PROJECT_VERSION = 1;
				DEVELOPMENT_TEAM = MZK2Y22TFS;
				GENERATE_INFOPLIST_FILE = YES;
				IPHONEOS_DEPLOYMENT_TARGET = 15.0;
				LD_RUNPATH_SEARCH_PATHS = (
					"$(inherited)",
					"@executable_path/Frameworks",
					"@loader_path/Frameworks",
				);
				MARKETING_VERSION = 1.0;
				PRODUCT_BUNDLE_IDENTIFIER = com.james.ValorantTests;
				PRODUCT_NAME = "$(TARGET_NAME)";
				SWIFT_EMIT_LOC_STRINGS = NO;
				SWIFT_VERSION = 5.0;
				TARGETED_DEVICE_FAMILY = "1,2";
				TEST_HOST = "$(BUILT_PRODUCTS_DIR)/Valorant.app/Valorant";
			};
			name = Debug;
		};
		E0CDAA98286CAFAD002817C1 /* Release */ = {
			isa = XCBuildConfiguration;
			buildSettings = {
				ALWAYS_EMBED_SWIFT_STANDARD_LIBRARIES = YES;
				BUNDLE_LOADER = "$(TEST_HOST)";
				CODE_SIGN_STYLE = Automatic;
				CURRENT_PROJECT_VERSION = 1;
				DEVELOPMENT_TEAM = MZK2Y22TFS;
				GENERATE_INFOPLIST_FILE = YES;
				IPHONEOS_DEPLOYMENT_TARGET = 15.0;
				LD_RUNPATH_SEARCH_PATHS = (
					"$(inherited)",
					"@executable_path/Frameworks",
					"@loader_path/Frameworks",
				);
				MARKETING_VERSION = 1.0;
				PRODUCT_BUNDLE_IDENTIFIER = com.james.ValorantTests;
				PRODUCT_NAME = "$(TARGET_NAME)";
				SWIFT_EMIT_LOC_STRINGS = NO;
				SWIFT_VERSION = 5.0;
				TARGETED_DEVICE_FAMILY = "1,2";
				TEST_HOST = "$(BUILT_PRODUCTS_DIR)/Valorant.app/Valorant";
			};
			name = Release;
		};
		E0CDAA9A286CAFAD002817C1 /* Debug */ = {
			isa = XCBuildConfiguration;
			buildSettings = {
				ALWAYS_EMBED_SWIFT_STANDARD_LIBRARIES = YES;
				CODE_SIGN_STYLE = Automatic;
				CURRENT_PROJECT_VERSION = 1;
				DEVELOPMENT_TEAM = MZK2Y22TFS;
				GENERATE_INFOPLIST_FILE = YES;
				LD_RUNPATH_SEARCH_PATHS = (
					"$(inherited)",
					"@executable_path/Frameworks",
					"@loader_path/Frameworks",
				);
				MARKETING_VERSION = 1.0;
				PRODUCT_BUNDLE_IDENTIFIER = com.james.ValorantUITests;
				PRODUCT_NAME = "$(TARGET_NAME)";
				SWIFT_EMIT_LOC_STRINGS = NO;
				SWIFT_VERSION = 5.0;
				TARGETED_DEVICE_FAMILY = "1,2";
				TEST_TARGET_NAME = Valorant;
			};
			name = Debug;
		};
		E0CDAA9B286CAFAD002817C1 /* Release */ = {
			isa = XCBuildConfiguration;
			buildSettings = {
				ALWAYS_EMBED_SWIFT_STANDARD_LIBRARIES = YES;
				CODE_SIGN_STYLE = Automatic;
				CURRENT_PROJECT_VERSION = 1;
				DEVELOPMENT_TEAM = MZK2Y22TFS;
				GENERATE_INFOPLIST_FILE = YES;
				LD_RUNPATH_SEARCH_PATHS = (
					"$(inherited)",
					"@executable_path/Frameworks",
					"@loader_path/Frameworks",
				);
				MARKETING_VERSION = 1.0;
				PRODUCT_BUNDLE_IDENTIFIER = com.james.ValorantUITests;
				PRODUCT_NAME = "$(TARGET_NAME)";
				SWIFT_EMIT_LOC_STRINGS = NO;
				SWIFT_VERSION = 5.0;
				TARGETED_DEVICE_FAMILY = "1,2";
				TEST_TARGET_NAME = Valorant;
			};
			name = Release;
		};
/* End XCBuildConfiguration section */

/* Begin XCConfigurationList section */
		E0CDAA64286CAFA9002817C1 /* Build configuration list for PBXProject "Valorant" */ = {
			isa = XCConfigurationList;
			buildConfigurations = (
				E0CDAA91286CAFAD002817C1 /* Debug */,
				E0CDAA92286CAFAD002817C1 /* Release */,
			);
			defaultConfigurationIsVisible = 0;
			defaultConfigurationName = Release;
		};
		E0CDAA93286CAFAD002817C1 /* Build configuration list for PBXNativeTarget "Valorant" */ = {
			isa = XCConfigurationList;
			buildConfigurations = (
				E0CDAA94286CAFAD002817C1 /* Debug */,
				E0CDAA95286CAFAD002817C1 /* Release */,
			);
			defaultConfigurationIsVisible = 0;
			defaultConfigurationName = Release;
		};
		E0CDAA96286CAFAD002817C1 /* Build configuration list for PBXNativeTarget "ValorantTests" */ = {
			isa = XCConfigurationList;
			buildConfigurations = (
				E0CDAA97286CAFAD002817C1 /* Debug */,
				E0CDAA98286CAFAD002817C1 /* Release */,
			);
			defaultConfigurationIsVisible = 0;
			defaultConfigurationName = Release;
		};
		E0CDAA99286CAFAD002817C1 /* Build configuration list for PBXNativeTarget "ValorantUITests" */ = {
			isa = XCConfigurationList;
			buildConfigurations = (
				E0CDAA9A286CAFAD002817C1 /* Debug */,
				E0CDAA9B286CAFAD002817C1 /* Release */,
			);
			defaultConfigurationIsVisible = 0;
			defaultConfigurationName = Release;
		};
/* End XCConfigurationList section */
	};
	rootObject = E0CDAA61286CAFA9002817C1 /* Project object */;
}
